
Microsoft Visual Studio Solution File, Format Version 12.00
# Visual Studio Version 16
VisualStudioVersion = 16.0.32106.194
MinimumVisualStudioVersion = 10.0.40219.1
Project("{FAE04EC0-301F-11D3-BF4B-00C04F79EFBC}") = "ASP-MVC-CONTOSO", "ASP-MVC-CONTOSO\ASP-MVC-CONTOSO.csproj", "{8F029F5A-BE95-4E8A-B362-44C676F1AD43}"
EndProject
Global
	GlobalSection(SolutionConfigurationPlatforms) = preSolution
		Debug|Any CPU = Debug|Any CPU
		Release|Any CPU = Release|Any CPU
	EndGlobalSection
	GlobalSection(ProjectConfigurationPlatforms) = postSolution
		{8F029F5A-BE95-4E8A-B362-44C676F1AD43}.Debug|Any CPU.ActiveCfg = Debug|Any CPU
		{8F029F5A-BE95-4E8A-B362-44C676F1AD43}.Debug|Any CPU.Build.0 = Debug|Any CPU
		{8F029F5A-BE95-4E8A-B362-44C676F1AD43}.Release|Any CPU.ActiveCfg = Release|Any CPU
		{8F029F5A-BE95-4E8A-B362-44C676F1AD43}.Release|Any CPU.Build.0 = Release|Any CPU
	EndGlobalSection
	GlobalSection(SolutionProperties) = preSolution
		HideSolutionNode = FALSE
	EndGlobalSection
	GlobalSection(ExtensibilityGlobals) = postSolution
		SolutionGuid = {3BDDBF64-4B39-4E05-B8F7-17E85738CF43}
	EndGlobalSection
EndGlobal
